
Microsoft Visual Studio Solution File, Format Version 12.00
# Visual Studio Version 17
VisualStudioVersion = 17.2.32616.157
MinimumVisualStudioVersion = 10.0.40219.1
Project("{FAE04EC0-301F-11D3-BF4B-00C04F79EFBC}") = "Calc_Sebas", "Calc_Sebas.csproj", "{BA6E62CC-F9CB-4F22-AE1F-50DD076A4414}"
EndProject
Global
	GlobalSection(SolutionConfigurationPlatforms) = preSolution
		Debug|Any CPU = Debug|Any CPU
		Release|Any CPU = Release|Any CPU
	EndGlobalSection
	GlobalSection(ProjectConfigurationPlatforms) = postSolution
		{BA6E62CC-F9CB-4F22-AE1F-50DD076A4414}.Debug|Any CPU.ActiveCfg = Debug|Any CPU
		{BA6E62CC-F9CB-4F22-AE1F-50DD076A4414}.Debug|Any CPU.Build.0 = Debug|Any CPU
		{BA6E62CC-F9CB-4F22-AE1F-50DD076A4414}.Release|Any CPU.ActiveCfg = Release|Any CPU
		{BA6E62CC-F9CB-4F22-AE1F-50DD076A4414}.Release|Any CPU.Build.0 = Release|Any CPU
	EndGlobalSection
	GlobalSection(SolutionProperties) = preSolution
		HideSolutionNode = FALSE
	EndGlobalSection
	GlobalSection(ExtensibilityGlobals) = postSolution
		SolutionGuid = {C4B1D68D-0148-4888-AF95-3BBD7098BB3D}
	EndGlobalSection
EndGlobal
